
Microsoft Visual Studio Solution File, Format Version 12.00
Project("{FAE04EC0-301F-11D3-BF4B-00C04F79EFBC}") = "Client", "Client.csproj", "{1F00C308-87AF-4B8A-917C-B8B98DC6BCA3}"
EndProject
Global
	GlobalSection(SolutionConfigurationPlatforms) = preSolution
		Debug|Any CPU = Debug|Any CPU
		Release|Any CPU = Release|Any CPU
	EndGlobalSection
	GlobalSection(ProjectConfigurationPlatforms) = postSolution
		{1F00C308-87AF-4B8A-917C-B8B98DC6BCA3}.Debug|Any CPU.ActiveCfg = Debug|Any CPU
		{1F00C308-87AF-4B8A-917C-B8B98DC6BCA3}.Debug|Any CPU.Build.0 = Debug|Any CPU
		{1F00C308-87AF-4B8A-917C-B8B98DC6BCA3}.Release|Any CPU.ActiveCfg = Release|Any CPU
		{1F00C308-87AF-4B8A-917C-B8B98DC6BCA3}.Release|Any CPU.Build.0 = Release|Any CPU
	EndGlobalSection
EndGlobal
